
Microsoft Visual Studio Solution File, Format Version 12.00
# Visual Studio Version 16
VisualStudioVersion = 16.0.30002.166
MinimumVisualStudioVersion = 10.0.40219.1
Project("{FAE04EC0-301F-11D3-BF4B-00C04F79EFBC}") = "AjaxWebApi", "AjaxWebApi\AjaxWebApi.csproj", "{DA779E90-A93A-40C2-9E76-9F4F8E056C99}"
EndProject
Global
	GlobalSection(SolutionConfigurationPlatforms) = preSolution
		Debug|Any CPU = Debug|Any CPU
		Release|Any CPU = Release|Any CPU
	EndGlobalSection
	GlobalSection(ProjectConfigurationPlatforms) = postSolution
		{DA779E90-A93A-40C2-9E76-9F4F8E056C99}.Debug|Any CPU.ActiveCfg = Debug|Any CPU
		{DA779E90-A93A-40C2-9E76-9F4F8E056C99}.Debug|Any CPU.Build.0 = Debug|Any CPU
		{DA779E90-A93A-40C2-9E76-9F4F8E056C99}.Release|Any CPU.ActiveCfg = Release|Any CPU
		{DA779E90-A93A-40C2-9E76-9F4F8E056C99}.Release|Any CPU.Build.0 = Release|Any CPU
	EndGlobalSection
	GlobalSection(SolutionProperties) = preSolution
		HideSolutionNode = FALSE
	EndGlobalSection
	GlobalSection(ExtensibilityGlobals) = postSolution
		SolutionGuid = {0540FB3D-D16E-4FE5-BA7B-32B2482C2605}
	EndGlobalSection
EndGlobal
